{
  "name": "com.suntzar.echotap",
  "version": "1.0.0",
  "lockfileVersion": 3,
  "requires": true,
  "packages": {
    "": {
      "name": "com.suntzar.echotap",
      "version": "1.0.0",
      "license": "Apache-2.0",
      "devDependencies": {
        "cordova-plugin-backbutton": "^0.3.0",
        "cordova-plugin-keyboard": "^1.3.0",
        "cordova-plugin-navigationbar-color": "^0.1.0",
        "cordova-plugin-splashscreen": "^6.0.2",
        "cordova-plugin-statusbar": "^4.0.0"
      }
    },
    "node_modules/cordova-plugin-backbutton": {
      "version": "0.3.0",
      "resolved": "https://registry.npmjs.org/cordova-plugin-backbutton/-/cordova-plugin-backbutton-0.3.0.tgz",
      "integrity": "sha512-vPQQ8SZk2LcNP89sFVnZkFN3GChERSaxO1UlS2O+a86qUJZpzBgA+21C978wo/w43tk1+JDbzEw+PTIbYcex5w==",
      "dev": true,
      "license": "MIT"
    },
    "node_modules/cordova-plugin-keyboard": {
      "version": "1.3.0",
      "resolved": "https://registry.npmjs.org/cordova-plugin-keyboard/-/cordova-plugin-keyboard-1.3.0.tgz",
      "integrity": "sha512-8RfLLFLmK8/a3cI1XX41BtlzkaLmBynVoqvm3iXdKQUlYYs9VhtqignFN/xcXV+NsRj6SOUfKMcmkV59ar47Gw==",
      "dev": true,
      "engines": [
        {
          "name": "cordova",
          "version": ">=3.2.0"
        }
      ],
      "license": "Apache 2.0"
    },
    "node_modules/cordova-plugin-navigationbar-color": {
      "version": "0.1.0",
      "resolved": "https://registry.npmjs.org/cordova-plugin-navigationbar-color/-/cordova-plugin-navigationbar-color-0.1.0.tgz",
      "integrity": "sha512-O/JfdLerNc0Jcq/4nTvsW45IzojtJT0Biayl8ZKSAKtQv6U7tOLUZ1/k+dRGZnBNoQyNc5gC9Lbn6A573v9UhA==",
      "dev": true,
      "license": "Apache-2.0",
      "engines": {
        "cordovaDependencies": {
          "0.1.0": {
            "cordova": ">=3.0.0"
          },
          "3.0.0": {
            "cordova": ">100"
          }
        }
      }
    },
    "node_modules/cordova-plugin-splashscreen": {
      "version": "6.0.2",
      "resolved": "https://registry.npmjs.org/cordova-plugin-splashscreen/-/cordova-plugin-splashscreen-6.0.2.tgz",
      "integrity": "sha512-7JiUfnInir+SCOEgTJ+5/cHF3UFl69jp6cAQfHtJaaQt9Pli8D8yTJjU0HGlJCvryvsVs4Xlc7/sEJM7vLJgvg==",
      "dev": true,
      "license": "Apache-2.0",
      "engines": {
        "cordovaDependencies": {
          ">=4.0.0": {
            "cordova-android": ">=3.6.0",
            "cordova-windows": ">=4.4.0"
          },
          "2.0.0": {
            "cordova-android": ">=3.6.0"
          },
          "6.0.2": {
            "cordova-android": ">=3.6.0 <11.0.0",
            "cordova-windows": ">=4.4.0"
          },
          "7.0.0": {
            "cordova": ">100"
          }
        }
      }
    },
    "node_modules/cordova-plugin-statusbar": {
      "version": "4.0.0",
      "resolved": "https://registry.npmjs.org/cordova-plugin-statusbar/-/cordova-plugin-statusbar-4.0.0.tgz",
      "integrity": "sha512-NTVdQhj9msydnarCH8ijOhASx+6fO16hg17AilAjfzWRvcBoF+4kKkPhTkZM7D2bOBePhfHEaMhEnxnA3M4Dlg==",
      "dev": true,
      "license": "Apache-2.0",
      "engines": {
        "cordovaDependencies": {
          "0.1.0": {
            "cordova": ">=3.0.0"
          },
          "4.0.0": {
            "cordova": ">=3.0.0",
            "cordova-android": ">=10.0.0",
            "cordova-ios": ">=6.0.0"
          },
          "5.0.0": {
            "cordova": ">100"
          }
        }
      }
    }
  }
}
